
Microsoft Visual Studio Solution File, Format Version 12.00
# Visual Studio Version 17
VisualStudioVersion = 17.4.33103.184
MinimumVisualStudioVersion = 10.0.40219.1
Project("{9A19103F-16F7-4668-BE54-9A1E7A4F7556}") = "Yukidzaki", "Yukidzaki\Yukidzaki.csproj", "{9A0FF26F-F190-484C-8CCC-E4930B5D1493}"
EndProject
Project("{2150E333-8FDC-42A3-9474-1A3956D46DE8}") = "Domain", "Domain", "{8BFCFDF5-27A1-4353-9A87-FB6EED70A289}"
EndProject
Project("{9A19103F-16F7-4668-BE54-9A1E7A4F7556}") = "Yukidzaki_Domain", "Yukidzaki_Domain\Yukidzaki_Domain.csproj", "{430F362C-77F2-4C0F-A004-C69F429BAFC3}"
EndProject
Project("{2150E333-8FDC-42A3-9474-1A3956D46DE8}") = "DAL", "DAL", "{A19D390D-550C-4EAE-BDB9-C14957BBEF00}"
EndProject
Project("{9A19103F-16F7-4668-BE54-9A1E7A4F7556}") = "Yukidzaki_DAL", "Yukidzaki_DAL\Yukidzaki_DAL.csproj", "{7D3BD853-3A32-4CDE-8095-D5F3D966B3DA}"
EndProject
Project("{2150E333-8FDC-42A3-9474-1A3956D46DE8}") = "Services", "Services", "{8BA43FF0-A735-4EDC-B77C-5406539D7C27}"
EndProject
Project("{9A19103F-16F7-4668-BE54-9A1E7A4F7556}") = "Yukidzaki_Services", "Yukidzaki_Services\Yukidzaki_Services.csproj", "{31257BCA-1454-406C-8D80-E3E478529A43}"
EndProject
Project("{2150E333-8FDC-42A3-9474-1A3956D46DE8}") = "Tests", "Tests", "{2DC3D5D5-D4EF-4699-950F-2FD2420A5982}"
EndProject
Project("{9A19103F-16F7-4668-BE54-9A1E7A4F7556}") = "Yukidzaki.Services.Tests", "Yukidzaki.Services.Tests\Yukidzaki.Services.Tests.csproj", "{F96B18E8-BFB2-4CB7-919D-A73371F152F2}"
EndProject
Project("{2150E333-8FDC-42A3-9474-1A3956D46DE8}") = "LocalLaunch", "LocalLaunch", "{017A8EFF-6ADB-460D-B2AE-806AB08EF345}"
	ProjectSection(SolutionItems) = preProject
		LocalLaunch\docker-compose.yml = LocalLaunch\docker-compose.yml
	EndProjectSection
EndProject
Project("{2150E333-8FDC-42A3-9474-1A3956D46DE8}") = "TestTokens", "TestTokens", "{EAD794A3-5D2E-45E3-BF9D-70B256B27DE2}"
	ProjectSection(SolutionItems) = preProject
		LocalLaunch\TestTokens\0.json = LocalLaunch\TestTokens\0.json
		LocalLaunch\TestTokens\1.json = LocalLaunch\TestTokens\1.json
		LocalLaunch\TestTokens\10.json = LocalLaunch\TestTokens\10.json
		LocalLaunch\TestTokens\100.json = LocalLaunch\TestTokens\100.json
		LocalLaunch\TestTokens\1000.json = LocalLaunch\TestTokens\1000.json
		LocalLaunch\TestTokens\101.json = LocalLaunch\TestTokens\101.json
		LocalLaunch\TestTokens\102.json = LocalLaunch\TestTokens\102.json
		LocalLaunch\TestTokens\103.json = LocalLaunch\TestTokens\103.json
		LocalLaunch\TestTokens\104.json = LocalLaunch\TestTokens\104.json
		LocalLaunch\TestTokens\105.json = LocalLaunch\TestTokens\105.json
		LocalLaunch\TestTokens\106.json = LocalLaunch\TestTokens\106.json
		LocalLaunch\TestTokens\107.json = LocalLaunch\TestTokens\107.json
		LocalLaunch\TestTokens\108.json = LocalLaunch\TestTokens\108.json
		LocalLaunch\TestTokens\109.json = LocalLaunch\TestTokens\109.json
		LocalLaunch\TestTokens\11.json = LocalLaunch\TestTokens\11.json
		LocalLaunch\TestTokens\110.json = LocalLaunch\TestTokens\110.json
		LocalLaunch\TestTokens\111.json = LocalLaunch\TestTokens\111.json
		LocalLaunch\TestTokens\112.json = LocalLaunch\TestTokens\112.json
		LocalLaunch\TestTokens\113.json = LocalLaunch\TestTokens\113.json
		LocalLaunch\TestTokens\114.json = LocalLaunch\TestTokens\114.json
		LocalLaunch\TestTokens\115.json = LocalLaunch\TestTokens\115.json
		LocalLaunch\TestTokens\116.json = LocalLaunch\TestTokens\116.json
		LocalLaunch\TestTokens\117.json = LocalLaunch\TestTokens\117.json
		LocalLaunch\TestTokens\118.json = LocalLaunch\TestTokens\118.json
		LocalLaunch\TestTokens\119.json = LocalLaunch\TestTokens\119.json
		LocalLaunch\TestTokens\12.json = LocalLaunch\TestTokens\12.json
		LocalLaunch\TestTokens\120.json = LocalLaunch\TestTokens\120.json
		LocalLaunch\TestTokens\121.json = LocalLaunch\TestTokens\121.json
		LocalLaunch\TestTokens\122.json = LocalLaunch\TestTokens\122.json
		LocalLaunch\TestTokens\123.json = LocalLaunch\TestTokens\123.json
		LocalLaunch\TestTokens\124.json = LocalLaunch\TestTokens\124.json
		LocalLaunch\TestTokens\125.json = LocalLaunch\TestTokens\125.json
		LocalLaunch\TestTokens\126.json = LocalLaunch\TestTokens\126.json
		LocalLaunch\TestTokens\127.json = LocalLaunch\TestTokens\127.json
		LocalLaunch\TestTokens\128.json = LocalLaunch\TestTokens\128.json
		LocalLaunch\TestTokens\129.json = LocalLaunch\TestTokens\129.json
		LocalLaunch\TestTokens\13.json = LocalLaunch\TestTokens\13.json
		LocalLaunch\TestTokens\130.json = LocalLaunch\TestTokens\130.json
		LocalLaunch\TestTokens\131.json = LocalLaunch\TestTokens\131.json
		LocalLaunch\TestTokens\132.json = LocalLaunch\TestTokens\132.json
		LocalLaunch\TestTokens\133.json = LocalLaunch\TestTokens\133.json
		LocalLaunch\TestTokens\134.json = LocalLaunch\TestTokens\134.json
		LocalLaunch\TestTokens\135.json = LocalLaunch\TestTokens\135.json
		LocalLaunch\TestTokens\136.json = LocalLaunch\TestTokens\136.json
		LocalLaunch\TestTokens\137.json = LocalLaunch\TestTokens\137.json
		LocalLaunch\TestTokens\138.json = LocalLaunch\TestTokens\138.json
		LocalLaunch\TestTokens\139.json = LocalLaunch\TestTokens\139.json
		LocalLaunch\TestTokens\14.json = LocalLaunch\TestTokens\14.json
		LocalLaunch\TestTokens\140.json = LocalLaunch\TestTokens\140.json
		LocalLaunch\TestTokens\141.json = LocalLaunch\TestTokens\141.json
		LocalLaunch\TestTokens\142.json = LocalLaunch\TestTokens\142.json
		LocalLaunch\TestTokens\143.json = LocalLaunch\TestTokens\143.json
		LocalLaunch\TestTokens\144.json = LocalLaunch\TestTokens\144.json
		LocalLaunch\TestTokens\145.json = LocalLaunch\TestTokens\145.json
		LocalLaunch\TestTokens\146.json = LocalLaunch\TestTokens\146.json
		LocalLaunch\TestTokens\147.json = LocalLaunch\TestTokens\147.json
		LocalLaunch\TestTokens\148.json = LocalLaunch\TestTokens\148.json
		LocalLaunch\TestTokens\149.json = LocalLaunch\TestTokens\149.json
		LocalLaunch\TestTokens\15.json = LocalLaunch\TestTokens\15.json
		LocalLaunch\TestTokens\150.json = LocalLaunch\TestTokens\150.json
		LocalLaunch\TestTokens\151.json = LocalLaunch\TestTokens\151.json
		LocalLaunch\TestTokens\152.json = LocalLaunch\TestTokens\152.json
		LocalLaunch\TestTokens\153.json = LocalLaunch\TestTokens\153.json
		LocalLaunch\TestTokens\154.json = LocalLaunch\TestTokens\154.json
		LocalLaunch\TestTokens\155.json = LocalLaunch\TestTokens\155.json
		LocalLaunch\TestTokens\156.json = LocalLaunch\TestTokens\156.json
		LocalLaunch\TestTokens\157.json = LocalLaunch\TestTokens\157.json
		LocalLaunch\TestTokens\158.json = LocalLaunch\TestTokens\158.json
		LocalLaunch\TestTokens\159.json = LocalLaunch\TestTokens\159.json
		LocalLaunch\TestTokens\16.json = LocalLaunch\TestTokens\16.json
		LocalLaunch\TestTokens\160.json = LocalLaunch\TestTokens\160.json
		LocalLaunch\TestTokens\161.json = LocalLaunch\TestTokens\161.json
		LocalLaunch\TestTokens\162.json = LocalLaunch\TestTokens\162.json
		LocalLaunch\TestTokens\163.json = LocalLaunch\TestTokens\163.json
		LocalLaunch\TestTokens\164.json = LocalLaunch\TestTokens\164.json
		LocalLaunch\TestTokens\165.json = LocalLaunch\TestTokens\165.json
		LocalLaunch\TestTokens\166.json = LocalLaunch\TestTokens\166.json
		LocalLaunch\TestTokens\167.json = LocalLaunch\TestTokens\167.json
		LocalLaunch\TestTokens\168.json = LocalLaunch\TestTokens\168.json
		LocalLaunch\TestTokens\169.json = LocalLaunch\TestTokens\169.json
		LocalLaunch\TestTokens\17.json = LocalLaunch\TestTokens\17.json
		LocalLaunch\TestTokens\170.json = LocalLaunch\TestTokens\170.json
		LocalLaunch\TestTokens\171.json = LocalLaunch\TestTokens\171.json
		LocalLaunch\TestTokens\172.json = LocalLaunch\TestTokens\172.json
		LocalLaunch\TestTokens\173.json = LocalLaunch\TestTokens\173.json
		LocalLaunch\TestTokens\174.json = LocalLaunch\TestTokens\174.json
		LocalLaunch\TestTokens\175.json = LocalLaunch\TestTokens\175.json
		LocalLaunch\TestTokens\176.json = LocalLaunch\TestTokens\176.json
		LocalLaunch\TestTokens\177.json = LocalLaunch\TestTokens\177.json
		LocalLaunch\TestTokens\178.json = LocalLaunch\TestTokens\178.json
		LocalLaunch\TestTokens\179.json = LocalLaunch\TestTokens\179.json
		LocalLaunch\TestTokens\18.json = LocalLaunch\TestTokens\18.json
		LocalLaunch\TestTokens\180.json = LocalLaunch\TestTokens\180.json
		LocalLaunch\TestTokens\181.json = LocalLaunch\TestTokens\181.json
		LocalLaunch\TestTokens\182.json = LocalLaunch\TestTokens\182.json
		LocalLaunch\TestTokens\183.json = LocalLaunch\TestTokens\183.json
		LocalLaunch\TestTokens\184.json = LocalLaunch\TestTokens\184.json
		LocalLaunch\TestTokens\185.json = LocalLaunch\TestTokens\185.json
		LocalLaunch\TestTokens\186.json = LocalLaunch\TestTokens\186.json
		LocalLaunch\TestTokens\187.json = LocalLaunch\TestTokens\187.json
		LocalLaunch\TestTokens\188.json = LocalLaunch\TestTokens\188.json
		LocalLaunch\TestTokens\189.json = LocalLaunch\TestTokens\189.json
		LocalLaunch\TestTokens\19.json = LocalLaunch\TestTokens\19.json
		LocalLaunch\TestTokens\190.json = LocalLaunch\TestTokens\190.json
		LocalLaunch\TestTokens\191.json = LocalLaunch\TestTokens\191.json
		LocalLaunch\TestTokens\192.json = LocalLaunch\TestTokens\192.json
		LocalLaunch\TestTokens\193.json = LocalLaunch\TestTokens\193.json
		LocalLaunch\TestTokens\194.json = LocalLaunch\TestTokens\194.json
		LocalLaunch\TestTokens\195.json = LocalLaunch\TestTokens\195.json
		LocalLaunch\TestTokens\196.json = LocalLaunch\TestTokens\196.json
		LocalLaunch\TestTokens\197.json = LocalLaunch\TestTokens\197.json
		LocalLaunch\TestTokens\198.json = LocalLaunch\TestTokens\198.json
		LocalLaunch\TestTokens\199.json = LocalLaunch\TestTokens\199.json
		LocalLaunch\TestTokens\2.json = LocalLaunch\TestTokens\2.json
		LocalLaunch\TestTokens\20.json = LocalLaunch\TestTokens\20.json
		LocalLaunch\TestTokens\200.json = LocalLaunch\TestTokens\200.json
		LocalLaunch\TestTokens\201.json = LocalLaunch\TestTokens\201.json
		LocalLaunch\TestTokens\202.json = LocalLaunch\TestTokens\202.json
		LocalLaunch\TestTokens\203.json = LocalLaunch\TestTokens\203.json
		LocalLaunch\TestTokens\204.json = LocalLaunch\TestTokens\204.json
		LocalLaunch\TestTokens\205.json = LocalLaunch\TestTokens\205.json
		LocalLaunch\TestTokens\206.json = LocalLaunch\TestTokens\206.json
		LocalLaunch\TestTokens\207.json = LocalLaunch\TestTokens\207.json
		LocalLaunch\TestTokens\208.json = LocalLaunch\TestTokens\208.json
		LocalLaunch\TestTokens\209.json = LocalLaunch\TestTokens\209.json
		LocalLaunch\TestTokens\21.json = LocalLaunch\TestTokens\21.json
		LocalLaunch\TestTokens\210.json = LocalLaunch\TestTokens\210.json
		LocalLaunch\TestTokens\211.json = LocalLaunch\TestTokens\211.json
		LocalLaunch\TestTokens\212.json = LocalLaunch\TestTokens\212.json
		LocalLaunch\TestTokens\213.json = LocalLaunch\TestTokens\213.json
		LocalLaunch\TestTokens\214.json = LocalLaunch\TestTokens\214.json
		LocalLaunch\TestTokens\215.json = LocalLaunch\TestTokens\215.json
		LocalLaunch\TestTokens\216.json = LocalLaunch\TestTokens\216.json
		LocalLaunch\TestTokens\217.json = LocalLaunch\TestTokens\217.json
		LocalLaunch\TestTokens\218.json = LocalLaunch\TestTokens\218.json
		LocalLaunch\TestTokens\219.json = LocalLaunch\TestTokens\219.json
		LocalLaunch\TestTokens\22.json = LocalLaunch\TestTokens\22.json
		LocalLaunch\TestTokens\220.json = LocalLaunch\TestTokens\220.json
		LocalLaunch\TestTokens\221.json = LocalLaunch\TestTokens\221.json
		LocalLaunch\TestTokens\222.json = LocalLaunch\TestTokens\222.json
		LocalLaunch\TestTokens\223.json = LocalLaunch\TestTokens\223.json
		LocalLaunch\TestTokens\224.json = LocalLaunch\TestTokens\224.json
		LocalLaunch\TestTokens\225.json = LocalLaunch\TestTokens\225.json
		LocalLaunch\TestTokens\226.json = LocalLaunch\TestTokens\226.json
		LocalLaunch\TestTokens\227.json = LocalLaunch\TestTokens\227.json
		LocalLaunch\TestTokens\228.json = LocalLaunch\TestTokens\228.json
		LocalLaunch\TestTokens\229.json = LocalLaunch\TestTokens\229.json
		LocalLaunch\TestTokens\23.json = LocalLaunch\TestTokens\23.json
		LocalLaunch\TestTokens\230.json = LocalLaunch\TestTokens\230.json
		LocalLaunch\TestTokens\231.json = LocalLaunch\TestTokens\231.json
		LocalLaunch\TestTokens\232.json = LocalLaunch\TestTokens\232.json
		LocalLaunch\TestTokens\233.json = LocalLaunch\TestTokens\233.json
		LocalLaunch\TestTokens\234.json = LocalLaunch\TestTokens\234.json
		LocalLaunch\TestTokens\235.json = LocalLaunch\TestTokens\235.json
		LocalLaunch\TestTokens\236.json = LocalLaunch\TestTokens\236.json
		LocalLaunch\TestTokens\237.json = LocalLaunch\TestTokens\237.json
		LocalLaunch\TestTokens\238.json = LocalLaunch\TestTokens\238.json
		LocalLaunch\TestTokens\239.json = LocalLaunch\TestTokens\239.json
		LocalLaunch\TestTokens\24.json = LocalLaunch\TestTokens\24.json
		LocalLaunch\TestTokens\240.json = LocalLaunch\TestTokens\240.json
		LocalLaunch\TestTokens\241.json = LocalLaunch\TestTokens\241.json
		LocalLaunch\TestTokens\242.json = LocalLaunch\TestTokens\242.json
		LocalLaunch\TestTokens\243.json = LocalLaunch\TestTokens\243.json
		LocalLaunch\TestTokens\244.json = LocalLaunch\TestTokens\244.json
		LocalLaunch\TestTokens\245.json = LocalLaunch\TestTokens\245.json
		LocalLaunch\TestTokens\246.json = LocalLaunch\TestTokens\246.json
		LocalLaunch\TestTokens\247.json = LocalLaunch\TestTokens\247.json
		LocalLaunch\TestTokens\248.json = LocalLaunch\TestTokens\248.json
		LocalLaunch\TestTokens\249.json = LocalLaunch\TestTokens\249.json
		LocalLaunch\TestTokens\25.json = LocalLaunch\TestTokens\25.json
		LocalLaunch\TestTokens\250.json = LocalLaunch\TestTokens\250.json
		LocalLaunch\TestTokens\251.json = LocalLaunch\TestTokens\251.json
		LocalLaunch\TestTokens\252.json = LocalLaunch\TestTokens\252.json
		LocalLaunch\TestTokens\253.json = LocalLaunch\TestTokens\253.json
		LocalLaunch\TestTokens\254.json = LocalLaunch\TestTokens\254.json
		LocalLaunch\TestTokens\255.json = LocalLaunch\TestTokens\255.json
		LocalLaunch\TestTokens\256.json = LocalLaunch\TestTokens\256.json
		LocalLaunch\TestTokens\257.json = LocalLaunch\TestTokens\257.json
		LocalLaunch\TestTokens\258.json = LocalLaunch\TestTokens\258.json
		LocalLaunch\TestTokens\259.json = LocalLaunch\TestTokens\259.json
		LocalLaunch\TestTokens\26.json = LocalLaunch\TestTokens\26.json
		LocalLaunch\TestTokens\260.json = LocalLaunch\TestTokens\260.json
		LocalLaunch\TestTokens\261.json = LocalLaunch\TestTokens\261.json
		LocalLaunch\TestTokens\262.json = LocalLaunch\TestTokens\262.json
		LocalLaunch\TestTokens\263.json = LocalLaunch\TestTokens\263.json
		LocalLaunch\TestTokens\264.json = LocalLaunch\TestTokens\264.json
		LocalLaunch\TestTokens\265.json = LocalLaunch\TestTokens\265.json
		LocalLaunch\TestTokens\266.json = LocalLaunch\TestTokens\266.json
		LocalLaunch\TestTokens\267.json = LocalLaunch\TestTokens\267.json
		LocalLaunch\TestTokens\268.json = LocalLaunch\TestTokens\268.json
		LocalLaunch\TestTokens\269.json = LocalLaunch\TestTokens\269.json
		LocalLaunch\TestTokens\27.json = LocalLaunch\TestTokens\27.json
		LocalLaunch\TestTokens\270.json = LocalLaunch\TestTokens\270.json
		LocalLaunch\TestTokens\271.json = LocalLaunch\TestTokens\271.json
		LocalLaunch\TestTokens\272.json = LocalLaunch\TestTokens\272.json
		LocalLaunch\TestTokens\273.json = LocalLaunch\TestTokens\273.json
		LocalLaunch\TestTokens\274.json = LocalLaunch\TestTokens\274.json
		LocalLaunch\TestTokens\275.json = LocalLaunch\TestTokens\275.json
		LocalLaunch\TestTokens\276.json = LocalLaunch\TestTokens\276.json
		LocalLaunch\TestTokens\277.json = LocalLaunch\TestTokens\277.json
		LocalLaunch\TestTokens\278.json = LocalLaunch\TestTokens\278.json
		LocalLaunch\TestTokens\279.json = LocalLaunch\TestTokens\279.json
		LocalLaunch\TestTokens\28.json = LocalLaunch\TestTokens\28.json
		LocalLaunch\TestTokens\280.json = LocalLaunch\TestTokens\280.json
		LocalLaunch\TestTokens\281.json = LocalLaunch\TestTokens\281.json
		LocalLaunch\TestTokens\282.json = LocalLaunch\TestTokens\282.json
		LocalLaunch\TestTokens\283.json = LocalLaunch\TestTokens\283.json
		LocalLaunch\TestTokens\284.json = LocalLaunch\TestTokens\284.json
		LocalLaunch\TestTokens\285.json = LocalLaunch\TestTokens\285.json
		LocalLaunch\TestTokens\286.json = LocalLaunch\TestTokens\286.json
		LocalLaunch\TestTokens\287.json = LocalLaunch\TestTokens\287.json
		LocalLaunch\TestTokens\288.json = LocalLaunch\TestTokens\288.json
		LocalLaunch\TestTokens\289.json = LocalLaunch\TestTokens\289.json
		LocalLaunch\TestTokens\29.json = LocalLaunch\TestTokens\29.json
		LocalLaunch\TestTokens\290.json = LocalLaunch\TestTokens\290.json
		LocalLaunch\TestTokens\291.json = LocalLaunch\TestTokens\291.json
		LocalLaunch\TestTokens\292.json = LocalLaunch\TestTokens\292.json
		LocalLaunch\TestTokens\293.json = LocalLaunch\TestTokens\293.json
		LocalLaunch\TestTokens\294.json = LocalLaunch\TestTokens\294.json
		LocalLaunch\TestTokens\295.json = LocalLaunch\TestTokens\295.json
		LocalLaunch\TestTokens\296.json = LocalLaunch\TestTokens\296.json
		LocalLaunch\TestTokens\297.json = LocalLaunch\TestTokens\297.json
		LocalLaunch\TestTokens\298.json = LocalLaunch\TestTokens\298.json
		LocalLaunch\TestTokens\299.json = LocalLaunch\TestTokens\299.json
		LocalLaunch\TestTokens\3.json = LocalLaunch\TestTokens\3.json
		LocalLaunch\TestTokens\30.json = LocalLaunch\TestTokens\30.json
		LocalLaunch\TestTokens\300.json = LocalLaunch\TestTokens\300.json
		LocalLaunch\TestTokens\301.json = LocalLaunch\TestTokens\301.json
		LocalLaunch\TestTokens\302.json = LocalLaunch\TestTokens\302.json
		LocalLaunch\TestTokens\303.json = LocalLaunch\TestTokens\303.json
		LocalLaunch\TestTokens\304.json = LocalLaunch\TestTokens\304.json
		LocalLaunch\TestTokens\305.json = LocalLaunch\TestTokens\305.json
		LocalLaunch\TestTokens\306.json = LocalLaunch\TestTokens\306.json
		LocalLaunch\TestTokens\307.json = LocalLaunch\TestTokens\307.json
		LocalLaunch\TestTokens\308.json = LocalLaunch\TestTokens\308.json
		LocalLaunch\TestTokens\309.json = LocalLaunch\TestTokens\309.json
		LocalLaunch\TestTokens\31.json = LocalLaunch\TestTokens\31.json
		LocalLaunch\TestTokens\310.json = LocalLaunch\TestTokens\310.json
		LocalLaunch\TestTokens\311.json = LocalLaunch\TestTokens\311.json
		LocalLaunch\TestTokens\312.json = LocalLaunch\TestTokens\312.json
		LocalLaunch\TestTokens\313.json = LocalLaunch\TestTokens\313.json
		LocalLaunch\TestTokens\314.json = LocalLaunch\TestTokens\314.json
		LocalLaunch\TestTokens\315.json = LocalLaunch\TestTokens\315.json
		LocalLaunch\TestTokens\316.json = LocalLaunch\TestTokens\316.json
		LocalLaunch\TestTokens\317.json = LocalLaunch\TestTokens\317.json
		LocalLaunch\TestTokens\318.json = LocalLaunch\TestTokens\318.json
		LocalLaunch\TestTokens\319.json = LocalLaunch\TestTokens\319.json
		LocalLaunch\TestTokens\32.json = LocalLaunch\TestTokens\32.json
		LocalLaunch\TestTokens\320.json = LocalLaunch\TestTokens\320.json
		LocalLaunch\TestTokens\321.json = LocalLaunch\TestTokens\321.json
		LocalLaunch\TestTokens\322.json = LocalLaunch\TestTokens\322.json
		LocalLaunch\TestTokens\323.json = LocalLaunch\TestTokens\323.json
		LocalLaunch\TestTokens\324.json = LocalLaunch\TestTokens\324.json
		LocalLaunch\TestTokens\325.json = LocalLaunch\TestTokens\325.json
		LocalLaunch\TestTokens\326.json = LocalLaunch\TestTokens\326.json
		LocalLaunch\TestTokens\327.json = LocalLaunch\TestTokens\327.json
		LocalLaunch\TestTokens\328.json = LocalLaunch\TestTokens\328.json
		LocalLaunch\TestTokens\329.json = LocalLaunch\TestTokens\329.json
		LocalLaunch\TestTokens\33.json = LocalLaunch\TestTokens\33.json
		LocalLaunch\TestTokens\330.json = LocalLaunch\TestTokens\330.json
		LocalLaunch\TestTokens\331.json = LocalLaunch\TestTokens\331.json
		LocalLaunch\TestTokens\332.json = LocalLaunch\TestTokens\332.json
		LocalLaunch\TestTokens\333.json = LocalLaunch\TestTokens\333.json
		LocalLaunch\TestTokens\334.json = LocalLaunch\TestTokens\334.json
		LocalLaunch\TestTokens\335.json = LocalLaunch\TestTokens\335.json
		LocalLaunch\TestTokens\336.json = LocalLaunch\TestTokens\336.json
		LocalLaunch\TestTokens\337.json = LocalLaunch\TestTokens\337.json
		LocalLaunch\TestTokens\338.json = LocalLaunch\TestTokens\338.json
		LocalLaunch\TestTokens\339.json = LocalLaunch\TestTokens\339.json
		LocalLaunch\TestTokens\34.json = LocalLaunch\TestTokens\34.json
		LocalLaunch\TestTokens\340.json = LocalLaunch\TestTokens\340.json
		LocalLaunch\TestTokens\341.json = LocalLaunch\TestTokens\341.json
		LocalLaunch\TestTokens\342.json = LocalLaunch\TestTokens\342.json
		LocalLaunch\TestTokens\343.json = LocalLaunch\TestTokens\343.json
		LocalLaunch\TestTokens\344.json = LocalLaunch\TestTokens\344.json
		LocalLaunch\TestTokens\345.json = LocalLaunch\TestTokens\345.json
		LocalLaunch\TestTokens\346.json = LocalLaunch\TestTokens\346.json
		LocalLaunch\TestTokens\347.json = LocalLaunch\TestTokens\347.json
		LocalLaunch\TestTokens\348.json = LocalLaunch\TestTokens\348.json
		LocalLaunch\TestTokens\349.json = LocalLaunch\TestTokens\349.json
		LocalLaunch\TestTokens\35.json = LocalLaunch\TestTokens\35.json
		LocalLaunch\TestTokens\350.json = LocalLaunch\TestTokens\350.json
		LocalLaunch\TestTokens\351.json = LocalLaunch\TestTokens\351.json
		LocalLaunch\TestTokens\352.json = LocalLaunch\TestTokens\352.json
		LocalLaunch\TestTokens\353.json = LocalLaunch\TestTokens\353.json
		LocalLaunch\TestTokens\354.json = LocalLaunch\TestTokens\354.json
		LocalLaunch\TestTokens\355.json = LocalLaunch\TestTokens\355.json
		LocalLaunch\TestTokens\356.json = LocalLaunch\TestTokens\356.json
		LocalLaunch\TestTokens\357.json = LocalLaunch\TestTokens\357.json
		LocalLaunch\TestTokens\358.json = LocalLaunch\TestTokens\358.json
		LocalLaunch\TestTokens\359.json = LocalLaunch\TestTokens\359.json
		LocalLaunch\TestTokens\36.json = LocalLaunch\TestTokens\36.json
		LocalLaunch\TestTokens\360.json = LocalLaunch\TestTokens\360.json
		LocalLaunch\TestTokens\361.json = LocalLaunch\TestTokens\361.json
		LocalLaunch\TestTokens\362.json = LocalLaunch\TestTokens\362.json
		LocalLaunch\TestTokens\363.json = LocalLaunch\TestTokens\363.json
		LocalLaunch\TestTokens\364.json = LocalLaunch\TestTokens\364.json
		LocalLaunch\TestTokens\365.json = LocalLaunch\TestTokens\365.json
		LocalLaunch\TestTokens\366.json = LocalLaunch\TestTokens\366.json
		LocalLaunch\TestTokens\367.json = LocalLaunch\TestTokens\367.json
		LocalLaunch\TestTokens\368.json = LocalLaunch\TestTokens\368.json
		LocalLaunch\TestTokens\369.json = LocalLaunch\TestTokens\369.json
		LocalLaunch\TestTokens\37.json = LocalLaunch\TestTokens\37.json
		LocalLaunch\TestTokens\370.json = LocalLaunch\TestTokens\370.json
		LocalLaunch\TestTokens\371.json = LocalLaunch\TestTokens\371.json
		LocalLaunch\TestTokens\372.json = LocalLaunch\TestTokens\372.json
		LocalLaunch\TestTokens\373.json = LocalLaunch\TestTokens\373.json
		LocalLaunch\TestTokens\374.json = LocalLaunch\TestTokens\374.json
		LocalLaunch\TestTokens\375.json = LocalLaunch\TestTokens\375.json
		LocalLaunch\TestTokens\376.json = LocalLaunch\TestTokens\376.json
		LocalLaunch\TestTokens\377.json = LocalLaunch\TestTokens\377.json
		LocalLaunch\TestTokens\378.json = LocalLaunch\TestTokens\378.json
		LocalLaunch\TestTokens\379.json = LocalLaunch\TestTokens\379.json
		LocalLaunch\TestTokens\38.json = LocalLaunch\TestTokens\38.json
		LocalLaunch\TestTokens\380.json = LocalLaunch\TestTokens\380.json
		LocalLaunch\TestTokens\381.json = LocalLaunch\TestTokens\381.json
		LocalLaunch\TestTokens\382.json = LocalLaunch\TestTokens\382.json
		LocalLaunch\TestTokens\383.json = LocalLaunch\TestTokens\383.json
		LocalLaunch\TestTokens\384.json = LocalLaunch\TestTokens\384.json
		LocalLaunch\TestTokens\385.json = LocalLaunch\TestTokens\385.json
		LocalLaunch\TestTokens\386.json = LocalLaunch\TestTokens\386.json
		LocalLaunch\TestTokens\387.json = LocalLaunch\TestTokens\387.json
		LocalLaunch\TestTokens\388.json = LocalLaunch\TestTokens\388.json
		LocalLaunch\TestTokens\389.json = LocalLaunch\TestTokens\389.json
		LocalLaunch\TestTokens\39.json = LocalLaunch\TestTokens\39.json
		LocalLaunch\TestTokens\390.json = LocalLaunch\TestTokens\390.json
		LocalLaunch\TestTokens\391.json = LocalLaunch\TestTokens\391.json
		LocalLaunch\TestTokens\392.json = LocalLaunch\TestTokens\392.json
		LocalLaunch\TestTokens\393.json = LocalLaunch\TestTokens\393.json
		LocalLaunch\TestTokens\394.json = LocalLaunch\TestTokens\394.json
		LocalLaunch\TestTokens\395.json = LocalLaunch\TestTokens\395.json
		LocalLaunch\TestTokens\396.json = LocalLaunch\TestTokens\396.json
		LocalLaunch\TestTokens\397.json = LocalLaunch\TestTokens\397.json
		LocalLaunch\TestTokens\398.json = LocalLaunch\TestTokens\398.json
		LocalLaunch\TestTokens\399.json = LocalLaunch\TestTokens\399.json
		LocalLaunch\TestTokens\4.json = LocalLaunch\TestTokens\4.json
		LocalLaunch\TestTokens\40.json = LocalLaunch\TestTokens\40.json
		LocalLaunch\TestTokens\400.json = LocalLaunch\TestTokens\400.json
		LocalLaunch\TestTokens\401.json = LocalLaunch\TestTokens\401.json
		LocalLaunch\TestTokens\402.json = LocalLaunch\TestTokens\402.json
		LocalLaunch\TestTokens\403.json = LocalLaunch\TestTokens\403.json
		LocalLaunch\TestTokens\404.json = LocalLaunch\TestTokens\404.json
		LocalLaunch\TestTokens\405.json = LocalLaunch\TestTokens\405.json
		LocalLaunch\TestTokens\406.json = LocalLaunch\TestTokens\406.json
		LocalLaunch\TestTokens\407.json = LocalLaunch\TestTokens\407.json
		LocalLaunch\TestTokens\408.json = LocalLaunch\TestTokens\408.json
		LocalLaunch\TestTokens\409.json = LocalLaunch\TestTokens\409.json
		LocalLaunch\TestTokens\41.json = LocalLaunch\TestTokens\41.json
		LocalLaunch\TestTokens\410.json = LocalLaunch\TestTokens\410.json
		LocalLaunch\TestTokens\411.json = LocalLaunch\TestTokens\411.json
		LocalLaunch\TestTokens\412.json = LocalLaunch\TestTokens\412.json
		LocalLaunch\TestTokens\413.json = LocalLaunch\TestTokens\413.json
		LocalLaunch\TestTokens\414.json = LocalLaunch\TestTokens\414.json
		LocalLaunch\TestTokens\415.json = LocalLaunch\TestTokens\415.json
		LocalLaunch\TestTokens\416.json = LocalLaunch\TestTokens\416.json
		LocalLaunch\TestTokens\417.json = LocalLaunch\TestTokens\417.json
		LocalLaunch\TestTokens\418.json = LocalLaunch\TestTokens\418.json
		LocalLaunch\TestTokens\419.json = LocalLaunch\TestTokens\419.json
		LocalLaunch\TestTokens\42.json = LocalLaunch\TestTokens\42.json
		LocalLaunch\TestTokens\420.json = LocalLaunch\TestTokens\420.json
		LocalLaunch\TestTokens\421.json = LocalLaunch\TestTokens\421.json
		LocalLaunch\TestTokens\422.json = LocalLaunch\TestTokens\422.json
		LocalLaunch\TestTokens\423.json = LocalLaunch\TestTokens\423.json
		LocalLaunch\TestTokens\424.json = LocalLaunch\TestTokens\424.json
		LocalLaunch\TestTokens\425.json = LocalLaunch\TestTokens\425.json
		LocalLaunch\TestTokens\426.json = LocalLaunch\TestTokens\426.json
		LocalLaunch\TestTokens\427.json = LocalLaunch\TestTokens\427.json
		LocalLaunch\TestTokens\428.json = LocalLaunch\TestTokens\428.json
		LocalLaunch\TestTokens\429.json = LocalLaunch\TestTokens\429.json
		LocalLaunch\TestTokens\43.json = LocalLaunch\TestTokens\43.json
		LocalLaunch\TestTokens\430.json = LocalLaunch\TestTokens\430.json
		LocalLaunch\TestTokens\431.json = LocalLaunch\TestTokens\431.json
		LocalLaunch\TestTokens\432.json = LocalLaunch\TestTokens\432.json
		LocalLaunch\TestTokens\433.json = LocalLaunch\TestTokens\433.json
		LocalLaunch\TestTokens\434.json = LocalLaunch\TestTokens\434.json
		LocalLaunch\TestTokens\435.json = LocalLaunch\TestTokens\435.json
		LocalLaunch\TestTokens\436.json = LocalLaunch\TestTokens\436.json
		LocalLaunch\TestTokens\437.json = LocalLaunch\TestTokens\437.json
		LocalLaunch\TestTokens\438.json = LocalLaunch\TestTokens\438.json
		LocalLaunch\TestTokens\439.json = LocalLaunch\TestTokens\439.json
		LocalLaunch\TestTokens\44.json = LocalLaunch\TestTokens\44.json
		LocalLaunch\TestTokens\440.json = LocalLaunch\TestTokens\440.json
		LocalLaunch\TestTokens\441.json = LocalLaunch\TestTokens\441.json
		LocalLaunch\TestTokens\442.json = LocalLaunch\TestTokens\442.json
		LocalLaunch\TestTokens\443.json = LocalLaunch\TestTokens\443.json
		LocalLaunch\TestTokens\444.json = LocalLaunch\TestTokens\444.json
		LocalLaunch\TestTokens\445.json = LocalLaunch\TestTokens\445.json
		LocalLaunch\TestTokens\446.json = LocalLaunch\TestTokens\446.json
		LocalLaunch\TestTokens\447.json = LocalLaunch\TestTokens\447.json
		LocalLaunch\TestTokens\448.json = LocalLaunch\TestTokens\448.json
		LocalLaunch\TestTokens\449.json = LocalLaunch\TestTokens\449.json
		LocalLaunch\TestTokens\45.json = LocalLaunch\TestTokens\45.json
		LocalLaunch\TestTokens\450.json = LocalLaunch\TestTokens\450.json
		LocalLaunch\TestTokens\451.json = LocalLaunch\TestTokens\451.json
		LocalLaunch\TestTokens\452.json = LocalLaunch\TestTokens\452.json
		LocalLaunch\TestTokens\453.json = LocalLaunch\TestTokens\453.json
		LocalLaunch\TestTokens\454.json = LocalLaunch\TestTokens\454.json
		LocalLaunch\TestTokens\455.json = LocalLaunch\TestTokens\455.json
		LocalLaunch\TestTokens\456.json = LocalLaunch\TestTokens\456.json
		LocalLaunch\TestTokens\457.json = LocalLaunch\TestTokens\457.json
		LocalLaunch\TestTokens\458.json = LocalLaunch\TestTokens\458.json
		LocalLaunch\TestTokens\459.json = LocalLaunch\TestTokens\459.json
		LocalLaunch\TestTokens\46.json = LocalLaunch\TestTokens\46.json
		LocalLaunch\TestTokens\460.json = LocalLaunch\TestTokens\460.json
		LocalLaunch\TestTokens\461.json = LocalLaunch\TestTokens\461.json
		LocalLaunch\TestTokens\462.json = LocalLaunch\TestTokens\462.json
		LocalLaunch\TestTokens\463.json = LocalLaunch\TestTokens\463.json
		LocalLaunch\TestTokens\464.json = LocalLaunch\TestTokens\464.json
		LocalLaunch\TestTokens\465.json = LocalLaunch\TestTokens\465.json
		LocalLaunch\TestTokens\466.json = LocalLaunch\TestTokens\466.json
		LocalLaunch\TestTokens\467.json = LocalLaunch\TestTokens\467.json
		LocalLaunch\TestTokens\468.json = LocalLaunch\TestTokens\468.json
		LocalLaunch\TestTokens\469.json = LocalLaunch\TestTokens\469.json
		LocalLaunch\TestTokens\47.json = LocalLaunch\TestTokens\47.json
		LocalLaunch\TestTokens\470.json = LocalLaunch\TestTokens\470.json
		LocalLaunch\TestTokens\471.json = LocalLaunch\TestTokens\471.json
		LocalLaunch\TestTokens\472.json = LocalLaunch\TestTokens\472.json
		LocalLaunch\TestTokens\473.json = LocalLaunch\TestTokens\473.json
		LocalLaunch\TestTokens\474.json = LocalLaunch\TestTokens\474.json
		LocalLaunch\TestTokens\475.json = LocalLaunch\TestTokens\475.json
		LocalLaunch\TestTokens\476.json = LocalLaunch\TestTokens\476.json
		LocalLaunch\TestTokens\477.json = LocalLaunch\TestTokens\477.json
		LocalLaunch\TestTokens\478.json = LocalLaunch\TestTokens\478.json
		LocalLaunch\TestTokens\479.json = LocalLaunch\TestTokens\479.json
		LocalLaunch\TestTokens\48.json = LocalLaunch\TestTokens\48.json
		LocalLaunch\TestTokens\480.json = LocalLaunch\TestTokens\480.json
		LocalLaunch\TestTokens\481.json = LocalLaunch\TestTokens\481.json
		LocalLaunch\TestTokens\482.json = LocalLaunch\TestTokens\482.json
		LocalLaunch\TestTokens\483.json = LocalLaunch\TestTokens\483.json
		LocalLaunch\TestTokens\484.json = LocalLaunch\TestTokens\484.json
		LocalLaunch\TestTokens\485.json = LocalLaunch\TestTokens\485.json
		LocalLaunch\TestTokens\486.json = LocalLaunch\TestTokens\486.json
		LocalLaunch\TestTokens\487.json = LocalLaunch\TestTokens\487.json
		LocalLaunch\TestTokens\488.json = LocalLaunch\TestTokens\488.json
		LocalLaunch\TestTokens\489.json = LocalLaunch\TestTokens\489.json
		LocalLaunch\TestTokens\49.json = LocalLaunch\TestTokens\49.json
		LocalLaunch\TestTokens\490.json = LocalLaunch\TestTokens\490.json
		LocalLaunch\TestTokens\491.json = LocalLaunch\TestTokens\491.json
		LocalLaunch\TestTokens\492.json = LocalLaunch\TestTokens\492.json
		LocalLaunch\TestTokens\493.json = LocalLaunch\TestTokens\493.json
		LocalLaunch\TestTokens\494.json = LocalLaunch\TestTokens\494.json
		LocalLaunch\TestTokens\495.json = LocalLaunch\TestTokens\495.json
		LocalLaunch\TestTokens\496.json = LocalLaunch\TestTokens\496.json
		LocalLaunch\TestTokens\497.json = LocalLaunch\TestTokens\497.json
		LocalLaunch\TestTokens\498.json = LocalLaunch\TestTokens\498.json
		LocalLaunch\TestTokens\499.json = LocalLaunch\TestTokens\499.json
		LocalLaunch\TestTokens\5.json = LocalLaunch\TestTokens\5.json
		LocalLaunch\TestTokens\50.json = LocalLaunch\TestTokens\50.json
		LocalLaunch\TestTokens\500.json = LocalLaunch\TestTokens\500.json
		LocalLaunch\TestTokens\501.json = LocalLaunch\TestTokens\501.json
		LocalLaunch\TestTokens\502.json = LocalLaunch\TestTokens\502.json
		LocalLaunch\TestTokens\503.json = LocalLaunch\TestTokens\503.json
		LocalLaunch\TestTokens\504.json = LocalLaunch\TestTokens\504.json
		LocalLaunch\TestTokens\505.json = LocalLaunch\TestTokens\505.json
		LocalLaunch\TestTokens\506.json = LocalLaunch\TestTokens\506.json
		LocalLaunch\TestTokens\507.json = LocalLaunch\TestTokens\507.json
		LocalLaunch\TestTokens\508.json = LocalLaunch\TestTokens\508.json
		LocalLaunch\TestTokens\509.json = LocalLaunch\TestTokens\509.json
		LocalLaunch\TestTokens\51.json = LocalLaunch\TestTokens\51.json
		LocalLaunch\TestTokens\510.json = LocalLaunch\TestTokens\510.json
		LocalLaunch\TestTokens\511.json = LocalLaunch\TestTokens\511.json
		LocalLaunch\TestTokens\512.json = LocalLaunch\TestTokens\512.json
		LocalLaunch\TestTokens\513.json = LocalLaunch\TestTokens\513.json
		LocalLaunch\TestTokens\514.json = LocalLaunch\TestTokens\514.json
		LocalLaunch\TestTokens\515.json = LocalLaunch\TestTokens\515.json
		LocalLaunch\TestTokens\516.json = LocalLaunch\TestTokens\516.json
		LocalLaunch\TestTokens\517.json = LocalLaunch\TestTokens\517.json
		LocalLaunch\TestTokens\518.json = LocalLaunch\TestTokens\518.json
		LocalLaunch\TestTokens\519.json = LocalLaunch\TestTokens\519.json
		LocalLaunch\TestTokens\52.json = LocalLaunch\TestTokens\52.json
		LocalLaunch\TestTokens\520.json = LocalLaunch\TestTokens\520.json
		LocalLaunch\TestTokens\521.json = LocalLaunch\TestTokens\521.json
		LocalLaunch\TestTokens\522.json = LocalLaunch\TestTokens\522.json
		LocalLaunch\TestTokens\523.json = LocalLaunch\TestTokens\523.json
		LocalLaunch\TestTokens\524.json = LocalLaunch\TestTokens\524.json
		LocalLaunch\TestTokens\525.json = LocalLaunch\TestTokens\525.json
		LocalLaunch\TestTokens\526.json = LocalLaunch\TestTokens\526.json
		LocalLaunch\TestTokens\527.json = LocalLaunch\TestTokens\527.json
		LocalLaunch\TestTokens\528.json = LocalLaunch\TestTokens\528.json
		LocalLaunch\TestTokens\529.json = LocalLaunch\TestTokens\529.json
		LocalLaunch\TestTokens\53.json = LocalLaunch\TestTokens\53.json
		LocalLaunch\TestTokens\530.json = LocalLaunch\TestTokens\530.json
		LocalLaunch\TestTokens\531.json = LocalLaunch\TestTokens\531.json
		LocalLaunch\TestTokens\532.json = LocalLaunch\TestTokens\532.json
		LocalLaunch\TestTokens\533.json = LocalLaunch\TestTokens\533.json
		LocalLaunch\TestTokens\534.json = LocalLaunch\TestTokens\534.json
		LocalLaunch\TestTokens\535.json = LocalLaunch\TestTokens\535.json
		LocalLaunch\TestTokens\536.json = LocalLaunch\TestTokens\536.json
		LocalLaunch\TestTokens\537.json = LocalLaunch\TestTokens\537.json
		LocalLaunch\TestTokens\538.json = LocalLaunch\TestTokens\538.json
		LocalLaunch\TestTokens\539.json = LocalLaunch\TestTokens\539.json
		LocalLaunch\TestTokens\54.json = LocalLaunch\TestTokens\54.json
		LocalLaunch\TestTokens\540.json = LocalLaunch\TestTokens\540.json
		LocalLaunch\TestTokens\541.json = LocalLaunch\TestTokens\541.json
		LocalLaunch\TestTokens\542.json = LocalLaunch\TestTokens\542.json
		LocalLaunch\TestTokens\543.json = LocalLaunch\TestTokens\543.json
		LocalLaunch\TestTokens\544.json = LocalLaunch\TestTokens\544.json
		LocalLaunch\TestTokens\545.json = LocalLaunch\TestTokens\545.json
		LocalLaunch\TestTokens\546.json = LocalLaunch\TestTokens\546.json
		LocalLaunch\TestTokens\547.json = LocalLaunch\TestTokens\547.json
		LocalLaunch\TestTokens\548.json = LocalLaunch\TestTokens\548.json
		LocalLaunch\TestTokens\549.json = LocalLaunch\TestTokens\549.json
		LocalLaunch\TestTokens\55.json = LocalLaunch\TestTokens\55.json
		LocalLaunch\TestTokens\550.json = LocalLaunch\TestTokens\550.json
		LocalLaunch\TestTokens\551.json = LocalLaunch\TestTokens\551.json
		LocalLaunch\TestTokens\552.json = LocalLaunch\TestTokens\552.json
		LocalLaunch\TestTokens\553.json = LocalLaunch\TestTokens\553.json
		LocalLaunch\TestTokens\554.json = LocalLaunch\TestTokens\554.json
		LocalLaunch\TestTokens\555.json = LocalLaunch\TestTokens\555.json
		LocalLaunch\TestTokens\556.json = LocalLaunch\TestTokens\556.json
		LocalLaunch\TestTokens\557.json = LocalLaunch\TestTokens\557.json
		LocalLaunch\TestTokens\558.json = LocalLaunch\TestTokens\558.json
		LocalLaunch\TestTokens\559.json = LocalLaunch\TestTokens\559.json
		LocalLaunch\TestTokens\56.json = LocalLaunch\TestTokens\56.json
		LocalLaunch\TestTokens\560.json = LocalLaunch\TestTokens\560.json
		LocalLaunch\TestTokens\561.json = LocalLaunch\TestTokens\561.json
		LocalLaunch\TestTokens\562.json = LocalLaunch\TestTokens\562.json
		LocalLaunch\TestTokens\563.json = LocalLaunch\TestTokens\563.json
		LocalLaunch\TestTokens\564.json = LocalLaunch\TestTokens\564.json
		LocalLaunch\TestTokens\565.json = LocalLaunch\TestTokens\565.json
		LocalLaunch\TestTokens\566.json = LocalLaunch\TestTokens\566.json
		LocalLaunch\TestTokens\567.json = LocalLaunch\TestTokens\567.json
		LocalLaunch\TestTokens\568.json = LocalLaunch\TestTokens\568.json
		LocalLaunch\TestTokens\569.json = LocalLaunch\TestTokens\569.json
		LocalLaunch\TestTokens\57.json = LocalLaunch\TestTokens\57.json
		LocalLaunch\TestTokens\570.json = LocalLaunch\TestTokens\570.json
		LocalLaunch\TestTokens\571.json = LocalLaunch\TestTokens\571.json
		LocalLaunch\TestTokens\572.json = LocalLaunch\TestTokens\572.json
		LocalLaunch\TestTokens\573.json = LocalLaunch\TestTokens\573.json
		LocalLaunch\TestTokens\574.json = LocalLaunch\TestTokens\574.json
		LocalLaunch\TestTokens\575.json = LocalLaunch\TestTokens\575.json
		LocalLaunch\TestTokens\576.json = LocalLaunch\TestTokens\576.json
		LocalLaunch\TestTokens\577.json = LocalLaunch\TestTokens\577.json
		LocalLaunch\TestTokens\578.json = LocalLaunch\TestTokens\578.json
		LocalLaunch\TestTokens\579.json = LocalLaunch\TestTokens\579.json
		LocalLaunch\TestTokens\58.json = LocalLaunch\TestTokens\58.json
		LocalLaunch\TestTokens\580.json = LocalLaunch\TestTokens\580.json
		LocalLaunch\TestTokens\581.json = LocalLaunch\TestTokens\581.json
		LocalLaunch\TestTokens\582.json = LocalLaunch\TestTokens\582.json
		LocalLaunch\TestTokens\583.json = LocalLaunch\TestTokens\583.json
		LocalLaunch\TestTokens\584.json = LocalLaunch\TestTokens\584.json
		LocalLaunch\TestTokens\585.json = LocalLaunch\TestTokens\585.json
		LocalLaunch\TestTokens\586.json = LocalLaunch\TestTokens\586.json
		LocalLaunch\TestTokens\587.json = LocalLaunch\TestTokens\587.json
		LocalLaunch\TestTokens\588.json = LocalLaunch\TestTokens\588.json
		LocalLaunch\TestTokens\589.json = LocalLaunch\TestTokens\589.json
		LocalLaunch\TestTokens\59.json = LocalLaunch\TestTokens\59.json
		LocalLaunch\TestTokens\590.json = LocalLaunch\TestTokens\590.json
		LocalLaunch\TestTokens\591.json = LocalLaunch\TestTokens\591.json
		LocalLaunch\TestTokens\592.json = LocalLaunch\TestTokens\592.json
		LocalLaunch\TestTokens\593.json = LocalLaunch\TestTokens\593.json
		LocalLaunch\TestTokens\594.json = LocalLaunch\TestTokens\594.json
		LocalLaunch\TestTokens\595.json = LocalLaunch\TestTokens\595.json
		LocalLaunch\TestTokens\596.json = LocalLaunch\TestTokens\596.json
		LocalLaunch\TestTokens\597.json = LocalLaunch\TestTokens\597.json
		LocalLaunch\TestTokens\598.json = LocalLaunch\TestTokens\598.json
		LocalLaunch\TestTokens\599.json = LocalLaunch\TestTokens\599.json
		LocalLaunch\TestTokens\6.json = LocalLaunch\TestTokens\6.json
		LocalLaunch\TestTokens\60.json = LocalLaunch\TestTokens\60.json
		LocalLaunch\TestTokens\600.json = LocalLaunch\TestTokens\600.json
		LocalLaunch\TestTokens\601.json = LocalLaunch\TestTokens\601.json
		LocalLaunch\TestTokens\602.json = LocalLaunch\TestTokens\602.json
		LocalLaunch\TestTokens\603.json = LocalLaunch\TestTokens\603.json
		LocalLaunch\TestTokens\604.json = LocalLaunch\TestTokens\604.json
		LocalLaunch\TestTokens\605.json = LocalLaunch\TestTokens\605.json
		LocalLaunch\TestTokens\606.json = LocalLaunch\TestTokens\606.json
		LocalLaunch\TestTokens\607.json = LocalLaunch\TestTokens\607.json
		LocalLaunch\TestTokens\608.json = LocalLaunch\TestTokens\608.json
		LocalLaunch\TestTokens\609.json = LocalLaunch\TestTokens\609.json
		LocalLaunch\TestTokens\61.json = LocalLaunch\TestTokens\61.json
		LocalLaunch\TestTokens\610.json = LocalLaunch\TestTokens\610.json
		LocalLaunch\TestTokens\611.json = LocalLaunch\TestTokens\611.json
		LocalLaunch\TestTokens\612.json = LocalLaunch\TestTokens\612.json
		LocalLaunch\TestTokens\613.json = LocalLaunch\TestTokens\613.json
		LocalLaunch\TestTokens\614.json = LocalLaunch\TestTokens\614.json
		LocalLaunch\TestTokens\615.json = LocalLaunch\TestTokens\615.json
		LocalLaunch\TestTokens\616.json = LocalLaunch\TestTokens\616.json
		LocalLaunch\TestTokens\617.json = LocalLaunch\TestTokens\617.json
		LocalLaunch\TestTokens\618.json = LocalLaunch\TestTokens\618.json
		LocalLaunch\TestTokens\619.json = LocalLaunch\TestTokens\619.json
		LocalLaunch\TestTokens\62.json = LocalLaunch\TestTokens\62.json
		LocalLaunch\TestTokens\620.json = LocalLaunch\TestTokens\620.json
		LocalLaunch\TestTokens\621.json = LocalLaunch\TestTokens\621.json
		LocalLaunch\TestTokens\622.json = LocalLaunch\TestTokens\622.json
		LocalLaunch\TestTokens\623.json = LocalLaunch\TestTokens\623.json
		LocalLaunch\TestTokens\624.json = LocalLaunch\TestTokens\624.json
		LocalLaunch\TestTokens\625.json = LocalLaunch\TestTokens\625.json
		LocalLaunch\TestTokens\626.json = LocalLaunch\TestTokens\626.json
		LocalLaunch\TestTokens\627.json = LocalLaunch\TestTokens\627.json
		LocalLaunch\TestTokens\628.json = LocalLaunch\TestTokens\628.json
		LocalLaunch\TestTokens\629.json = LocalLaunch\TestTokens\629.json
		LocalLaunch\TestTokens\63.json = LocalLaunch\TestTokens\63.json
		LocalLaunch\TestTokens\630.json = LocalLaunch\TestTokens\630.json
		LocalLaunch\TestTokens\631.json = LocalLaunch\TestTokens\631.json
		LocalLaunch\TestTokens\632.json = LocalLaunch\TestTokens\632.json
		LocalLaunch\TestTokens\633.json = LocalLaunch\TestTokens\633.json
		LocalLaunch\TestTokens\634.json = LocalLaunch\TestTokens\634.json
		LocalLaunch\TestTokens\635.json = LocalLaunch\TestTokens\635.json
		LocalLaunch\TestTokens\636.json = LocalLaunch\TestTokens\636.json
		LocalLaunch\TestTokens\637.json = LocalLaunch\TestTokens\637.json
		LocalLaunch\TestTokens\638.json = LocalLaunch\TestTokens\638.json
		LocalLaunch\TestTokens\639.json = LocalLaunch\TestTokens\639.json
		LocalLaunch\TestTokens\64.json = LocalLaunch\TestTokens\64.json
		LocalLaunch\TestTokens\640.json = LocalLaunch\TestTokens\640.json
		LocalLaunch\TestTokens\641.json = LocalLaunch\TestTokens\641.json
		LocalLaunch\TestTokens\642.json = LocalLaunch\TestTokens\642.json
		LocalLaunch\TestTokens\643.json = LocalLaunch\TestTokens\643.json
		LocalLaunch\TestTokens\644.json = LocalLaunch\TestTokens\644.json
		LocalLaunch\TestTokens\645.json = LocalLaunch\TestTokens\645.json
		LocalLaunch\TestTokens\646.json = LocalLaunch\TestTokens\646.json
		LocalLaunch\TestTokens\647.json = LocalLaunch\TestTokens\647.json
		LocalLaunch\TestTokens\648.json = LocalLaunch\TestTokens\648.json
		LocalLaunch\TestTokens\649.json = LocalLaunch\TestTokens\649.json
		LocalLaunch\TestTokens\65.json = LocalLaunch\TestTokens\65.json
		LocalLaunch\TestTokens\650.json = LocalLaunch\TestTokens\650.json
		LocalLaunch\TestTokens\651.json = LocalLaunch\TestTokens\651.json
		LocalLaunch\TestTokens\652.json = LocalLaunch\TestTokens\652.json
		LocalLaunch\TestTokens\653.json = LocalLaunch\TestTokens\653.json
		LocalLaunch\TestTokens\654.json = LocalLaunch\TestTokens\654.json
		LocalLaunch\TestTokens\655.json = LocalLaunch\TestTokens\655.json
		LocalLaunch\TestTokens\656.json = LocalLaunch\TestTokens\656.json
		LocalLaunch\TestTokens\657.json = LocalLaunch\TestTokens\657.json
		LocalLaunch\TestTokens\658.json = LocalLaunch\TestTokens\658.json
		LocalLaunch\TestTokens\659.json = LocalLaunch\TestTokens\659.json
		LocalLaunch\TestTokens\66.json = LocalLaunch\TestTokens\66.json
		LocalLaunch\TestTokens\660.json = LocalLaunch\TestTokens\660.json
		LocalLaunch\TestTokens\661.json = LocalLaunch\TestTokens\661.json
		LocalLaunch\TestTokens\662.json = LocalLaunch\TestTokens\662.json
		LocalLaunch\TestTokens\663.json = LocalLaunch\TestTokens\663.json
		LocalLaunch\TestTokens\664.json = LocalLaunch\TestTokens\664.json
		LocalLaunch\TestTokens\665.json = LocalLaunch\TestTokens\665.json
		LocalLaunch\TestTokens\666.json = LocalLaunch\TestTokens\666.json
		LocalLaunch\TestTokens\667.json = LocalLaunch\TestTokens\667.json
		LocalLaunch\TestTokens\668.json = LocalLaunch\TestTokens\668.json
		LocalLaunch\TestTokens\669.json = LocalLaunch\TestTokens\669.json
		LocalLaunch\TestTokens\67.json = LocalLaunch\TestTokens\67.json
		LocalLaunch\TestTokens\670.json = LocalLaunch\TestTokens\670.json
		LocalLaunch\TestTokens\671.json = LocalLaunch\TestTokens\671.json
		LocalLaunch\TestTokens\672.json = LocalLaunch\TestTokens\672.json
		LocalLaunch\TestTokens\673.json = LocalLaunch\TestTokens\673.json
		LocalLaunch\TestTokens\674.json = LocalLaunch\TestTokens\674.json
		LocalLaunch\TestTokens\675.json = LocalLaunch\TestTokens\675.json
		LocalLaunch\TestTokens\676.json = LocalLaunch\TestTokens\676.json
		LocalLaunch\TestTokens\677.json = LocalLaunch\TestTokens\677.json
		LocalLaunch\TestTokens\678.json = LocalLaunch\TestTokens\678.json
		LocalLaunch\TestTokens\679.json = LocalLaunch\TestTokens\679.json
		LocalLaunch\TestTokens\68.json = LocalLaunch\TestTokens\68.json
		LocalLaunch\TestTokens\680.json = LocalLaunch\TestTokens\680.json
		LocalLaunch\TestTokens\681.json = LocalLaunch\TestTokens\681.json
		LocalLaunch\TestTokens\682.json = LocalLaunch\TestTokens\682.json
		LocalLaunch\TestTokens\683.json = LocalLaunch\TestTokens\683.json
		LocalLaunch\TestTokens\684.json = LocalLaunch\TestTokens\684.json
		LocalLaunch\TestTokens\685.json = LocalLaunch\TestTokens\685.json
		LocalLaunch\TestTokens\686.json = LocalLaunch\TestTokens\686.json
		LocalLaunch\TestTokens\687.json = LocalLaunch\TestTokens\687.json
		LocalLaunch\TestTokens\688.json = LocalLaunch\TestTokens\688.json
		LocalLaunch\TestTokens\689.json = LocalLaunch\TestTokens\689.json
		LocalLaunch\TestTokens\69.json = LocalLaunch\TestTokens\69.json
		LocalLaunch\TestTokens\690.json = LocalLaunch\TestTokens\690.json
		LocalLaunch\TestTokens\691.json = LocalLaunch\TestTokens\691.json
		LocalLaunch\TestTokens\692.json = LocalLaunch\TestTokens\692.json
		LocalLaunch\TestTokens\693.json = LocalLaunch\TestTokens\693.json
		LocalLaunch\TestTokens\694.json = LocalLaunch\TestTokens\694.json
		LocalLaunch\TestTokens\695.json = LocalLaunch\TestTokens\695.json
		LocalLaunch\TestTokens\696.json = LocalLaunch\TestTokens\696.json
		LocalLaunch\TestTokens\697.json = LocalLaunch\TestTokens\697.json
		LocalLaunch\TestTokens\698.json = LocalLaunch\TestTokens\698.json
		LocalLaunch\TestTokens\699.json = LocalLaunch\TestTokens\699.json
		LocalLaunch\TestTokens\7.json = LocalLaunch\TestTokens\7.json
		LocalLaunch\TestTokens\70.json = LocalLaunch\TestTokens\70.json
		LocalLaunch\TestTokens\700.json = LocalLaunch\TestTokens\700.json
		LocalLaunch\TestTokens\701.json = LocalLaunch\TestTokens\701.json
		LocalLaunch\TestTokens\702.json = LocalLaunch\TestTokens\702.json
		LocalLaunch\TestTokens\703.json = LocalLaunch\TestTokens\703.json
		LocalLaunch\TestTokens\704.json = LocalLaunch\TestTokens\704.json
		LocalLaunch\TestTokens\705.json = LocalLaunch\TestTokens\705.json
		LocalLaunch\TestTokens\706.json = LocalLaunch\TestTokens\706.json
		LocalLaunch\TestTokens\707.json = LocalLaunch\TestTokens\707.json
		LocalLaunch\TestTokens\708.json = LocalLaunch\TestTokens\708.json
		LocalLaunch\TestTokens\709.json = LocalLaunch\TestTokens\709.json
		LocalLaunch\TestTokens\71.json = LocalLaunch\TestTokens\71.json
		LocalLaunch\TestTokens\710.json = LocalLaunch\TestTokens\710.json
		LocalLaunch\TestTokens\711.json = LocalLaunch\TestTokens\711.json
		LocalLaunch\TestTokens\712.json = LocalLaunch\TestTokens\712.json
		LocalLaunch\TestTokens\713.json = LocalLaunch\TestTokens\713.json
		LocalLaunch\TestTokens\714.json = LocalLaunch\TestTokens\714.json
		LocalLaunch\TestTokens\715.json = LocalLaunch\TestTokens\715.json
		LocalLaunch\TestTokens\716.json = LocalLaunch\TestTokens\716.json
		LocalLaunch\TestTokens\717.json = LocalLaunch\TestTokens\717.json
		LocalLaunch\TestTokens\718.json = LocalLaunch\TestTokens\718.json
		LocalLaunch\TestTokens\719.json = LocalLaunch\TestTokens\719.json
		LocalLaunch\TestTokens\72.json = LocalLaunch\TestTokens\72.json
		LocalLaunch\TestTokens\720.json = LocalLaunch\TestTokens\720.json
		LocalLaunch\TestTokens\721.json = LocalLaunch\TestTokens\721.json
		LocalLaunch\TestTokens\722.json = LocalLaunch\TestTokens\722.json
		LocalLaunch\TestTokens\723.json = LocalLaunch\TestTokens\723.json
		LocalLaunch\TestTokens\724.json = LocalLaunch\TestTokens\724.json
		LocalLaunch\TestTokens\725.json = LocalLaunch\TestTokens\725.json
		LocalLaunch\TestTokens\726.json = LocalLaunch\TestTokens\726.json
		LocalLaunch\TestTokens\727.json = LocalLaunch\TestTokens\727.json
		LocalLaunch\TestTokens\728.json = LocalLaunch\TestTokens\728.json
		LocalLaunch\TestTokens\729.json = LocalLaunch\TestTokens\729.json
		LocalLaunch\TestTokens\73.json = LocalLaunch\TestTokens\73.json
		LocalLaunch\TestTokens\730.json = LocalLaunch\TestTokens\730.json
		LocalLaunch\TestTokens\731.json = LocalLaunch\TestTokens\731.json
		LocalLaunch\TestTokens\732.json = LocalLaunch\TestTokens\732.json
		LocalLaunch\TestTokens\733.json = LocalLaunch\TestTokens\733.json
		LocalLaunch\TestTokens\734.json = LocalLaunch\TestTokens\734.json
		LocalLaunch\TestTokens\735.json = LocalLaunch\TestTokens\735.json
		LocalLaunch\TestTokens\736.json = LocalLaunch\TestTokens\736.json
		LocalLaunch\TestTokens\737.json = LocalLaunch\TestTokens\737.json
		LocalLaunch\TestTokens\738.json = LocalLaunch\TestTokens\738.json
		LocalLaunch\TestTokens\739.json = LocalLaunch\TestTokens\739.json
		LocalLaunch\TestTokens\74.json = LocalLaunch\TestTokens\74.json
		LocalLaunch\TestTokens\740.json = LocalLaunch\TestTokens\740.json
		LocalLaunch\TestTokens\741.json = LocalLaunch\TestTokens\741.json
		LocalLaunch\TestTokens\742.json = LocalLaunch\TestTokens\742.json
		LocalLaunch\TestTokens\743.json = LocalLaunch\TestTokens\743.json
		LocalLaunch\TestTokens\744.json = LocalLaunch\TestTokens\744.json
		LocalLaunch\TestTokens\745.json = LocalLaunch\TestTokens\745.json
		LocalLaunch\TestTokens\746.json = LocalLaunch\TestTokens\746.json
		LocalLaunch\TestTokens\747.json = LocalLaunch\TestTokens\747.json
		LocalLaunch\TestTokens\748.json = LocalLaunch\TestTokens\748.json
		LocalLaunch\TestTokens\749.json = LocalLaunch\TestTokens\749.json
		LocalLaunch\TestTokens\75.json = LocalLaunch\TestTokens\75.json
		LocalLaunch\TestTokens\750.json = LocalLaunch\TestTokens\750.json
		LocalLaunch\TestTokens\751.json = LocalLaunch\TestTokens\751.json
		LocalLaunch\TestTokens\752.json = LocalLaunch\TestTokens\752.json
		LocalLaunch\TestTokens\753.json = LocalLaunch\TestTokens\753.json
		LocalLaunch\TestTokens\754.json = LocalLaunch\TestTokens\754.json
		LocalLaunch\TestTokens\755.json = LocalLaunch\TestTokens\755.json
		LocalLaunch\TestTokens\756.json = LocalLaunch\TestTokens\756.json
		LocalLaunch\TestTokens\757.json = LocalLaunch\TestTokens\757.json
		LocalLaunch\TestTokens\758.json = LocalLaunch\TestTokens\758.json
		LocalLaunch\TestTokens\759.json = LocalLaunch\TestTokens\759.json
		LocalLaunch\TestTokens\76.json = LocalLaunch\TestTokens\76.json
		LocalLaunch\TestTokens\760.json = LocalLaunch\TestTokens\760.json
		LocalLaunch\TestTokens\761.json = LocalLaunch\TestTokens\761.json
		LocalLaunch\TestTokens\762.json = LocalLaunch\TestTokens\762.json
		LocalLaunch\TestTokens\763.json = LocalLaunch\TestTokens\763.json
		LocalLaunch\TestTokens\764.json = LocalLaunch\TestTokens\764.json
		LocalLaunch\TestTokens\765.json = LocalLaunch\TestTokens\765.json
		LocalLaunch\TestTokens\766.json = LocalLaunch\TestTokens\766.json
		LocalLaunch\TestTokens\767.json = LocalLaunch\TestTokens\767.json
		LocalLaunch\TestTokens\768.json = LocalLaunch\TestTokens\768.json
		LocalLaunch\TestTokens\769.json = LocalLaunch\TestTokens\769.json
		LocalLaunch\TestTokens\77.json = LocalLaunch\TestTokens\77.json
		LocalLaunch\TestTokens\770.json = LocalLaunch\TestTokens\770.json
		LocalLaunch\TestTokens\771.json = LocalLaunch\TestTokens\771.json
		LocalLaunch\TestTokens\772.json = LocalLaunch\TestTokens\772.json
		LocalLaunch\TestTokens\773.json = LocalLaunch\TestTokens\773.json
		LocalLaunch\TestTokens\774.json = LocalLaunch\TestTokens\774.json
		LocalLaunch\TestTokens\775.json = LocalLaunch\TestTokens\775.json
		LocalLaunch\TestTokens\776.json = LocalLaunch\TestTokens\776.json
		LocalLaunch\TestTokens\777.json = LocalLaunch\TestTokens\777.json
		LocalLaunch\TestTokens\778.json = LocalLaunch\TestTokens\778.json
		LocalLaunch\TestTokens\779.json = LocalLaunch\TestTokens\779.json
		LocalLaunch\TestTokens\78.json = LocalLaunch\TestTokens\78.json
		LocalLaunch\TestTokens\780.json = LocalLaunch\TestTokens\780.json
		LocalLaunch\TestTokens\781.json = LocalLaunch\TestTokens\781.json
		LocalLaunch\TestTokens\782.json = LocalLaunch\TestTokens\782.json
		LocalLaunch\TestTokens\783.json = LocalLaunch\TestTokens\783.json
		LocalLaunch\TestTokens\784.json = LocalLaunch\TestTokens\784.json
		LocalLaunch\TestTokens\785.json = LocalLaunch\TestTokens\785.json
		LocalLaunch\TestTokens\786.json = LocalLaunch\TestTokens\786.json
		LocalLaunch\TestTokens\787.json = LocalLaunch\TestTokens\787.json
		LocalLaunch\TestTokens\788.json = LocalLaunch\TestTokens\788.json
		LocalLaunch\TestTokens\789.json = LocalLaunch\TestTokens\789.json
		LocalLaunch\TestTokens\79.json = LocalLaunch\TestTokens\79.json
		LocalLaunch\TestTokens\790.json = LocalLaunch\TestTokens\790.json
		LocalLaunch\TestTokens\791.json = LocalLaunch\TestTokens\791.json
		LocalLaunch\TestTokens\792.json = LocalLaunch\TestTokens\792.json
		LocalLaunch\TestTokens\793.json = LocalLaunch\TestTokens\793.json
		LocalLaunch\TestTokens\794.json = LocalLaunch\TestTokens\794.json
		LocalLaunch\TestTokens\795.json = LocalLaunch\TestTokens\795.json
		LocalLaunch\TestTokens\796.json = LocalLaunch\TestTokens\796.json
		LocalLaunch\TestTokens\797.json = LocalLaunch\TestTokens\797.json
		LocalLaunch\TestTokens\798.json = LocalLaunch\TestTokens\798.json
		LocalLaunch\TestTokens\799.json = LocalLaunch\TestTokens\799.json
		LocalLaunch\TestTokens\8.json = LocalLaunch\TestTokens\8.json
		LocalLaunch\TestTokens\80.json = LocalLaunch\TestTokens\80.json
		LocalLaunch\TestTokens\800.json = LocalLaunch\TestTokens\800.json
		LocalLaunch\TestTokens\801.json = LocalLaunch\TestTokens\801.json
		LocalLaunch\TestTokens\802.json = LocalLaunch\TestTokens\802.json
		LocalLaunch\TestTokens\803.json = LocalLaunch\TestTokens\803.json
		LocalLaunch\TestTokens\804.json = LocalLaunch\TestTokens\804.json
		LocalLaunch\TestTokens\805.json = LocalLaunch\TestTokens\805.json
		LocalLaunch\TestTokens\806.json = LocalLaunch\TestTokens\806.json
		LocalLaunch\TestTokens\807.json = LocalLaunch\TestTokens\807.json
		LocalLaunch\TestTokens\808.json = LocalLaunch\TestTokens\808.json
		LocalLaunch\TestTokens\809.json = LocalLaunch\TestTokens\809.json
		LocalLaunch\TestTokens\81.json = LocalLaunch\TestTokens\81.json
		LocalLaunch\TestTokens\810.json = LocalLaunch\TestTokens\810.json
		LocalLaunch\TestTokens\811.json = LocalLaunch\TestTokens\811.json
		LocalLaunch\TestTokens\812.json = LocalLaunch\TestTokens\812.json
		LocalLaunch\TestTokens\813.json = LocalLaunch\TestTokens\813.json
		LocalLaunch\TestTokens\814.json = LocalLaunch\TestTokens\814.json
		LocalLaunch\TestTokens\815.json = LocalLaunch\TestTokens\815.json
		LocalLaunch\TestTokens\816.json = LocalLaunch\TestTokens\816.json
		LocalLaunch\TestTokens\817.json = LocalLaunch\TestTokens\817.json
		LocalLaunch\TestTokens\818.json = LocalLaunch\TestTokens\818.json
		LocalLaunch\TestTokens\819.json = LocalLaunch\TestTokens\819.json
		LocalLaunch\TestTokens\82.json = LocalLaunch\TestTokens\82.json
		LocalLaunch\TestTokens\820.json = LocalLaunch\TestTokens\820.json
		LocalLaunch\TestTokens\821.json = LocalLaunch\TestTokens\821.json
		LocalLaunch\TestTokens\822.json = LocalLaunch\TestTokens\822.json
		LocalLaunch\TestTokens\823.json = LocalLaunch\TestTokens\823.json
		LocalLaunch\TestTokens\824.json = LocalLaunch\TestTokens\824.json
		LocalLaunch\TestTokens\825.json = LocalLaunch\TestTokens\825.json
		LocalLaunch\TestTokens\826.json = LocalLaunch\TestTokens\826.json
		LocalLaunch\TestTokens\827.json = LocalLaunch\TestTokens\827.json
		LocalLaunch\TestTokens\828.json = LocalLaunch\TestTokens\828.json
		LocalLaunch\TestTokens\829.json = LocalLaunch\TestTokens\829.json
		LocalLaunch\TestTokens\83.json = LocalLaunch\TestTokens\83.json
		LocalLaunch\TestTokens\830.json = LocalLaunch\TestTokens\830.json
		LocalLaunch\TestTokens\831.json = LocalLaunch\TestTokens\831.json
		LocalLaunch\TestTokens\832.json = LocalLaunch\TestTokens\832.json
		LocalLaunch\TestTokens\833.json = LocalLaunch\TestTokens\833.json
		LocalLaunch\TestTokens\834.json = LocalLaunch\TestTokens\834.json
		LocalLaunch\TestTokens\835.json = LocalLaunch\TestTokens\835.json
		LocalLaunch\TestTokens\836.json = LocalLaunch\TestTokens\836.json
		LocalLaunch\TestTokens\837.json = LocalLaunch\TestTokens\837.json
		LocalLaunch\TestTokens\838.json = LocalLaunch\TestTokens\838.json
		LocalLaunch\TestTokens\839.json = LocalLaunch\TestTokens\839.json
		LocalLaunch\TestTokens\84.json = LocalLaunch\TestTokens\84.json
		LocalLaunch\TestTokens\840.json = LocalLaunch\TestTokens\840.json
		LocalLaunch\TestTokens\841.json = LocalLaunch\TestTokens\841.json
		LocalLaunch\TestTokens\842.json = LocalLaunch\TestTokens\842.json
		LocalLaunch\TestTokens\843.json = LocalLaunch\TestTokens\843.json
		LocalLaunch\TestTokens\844.json = LocalLaunch\TestTokens\844.json
		LocalLaunch\TestTokens\845.json = LocalLaunch\TestTokens\845.json
		LocalLaunch\TestTokens\846.json = LocalLaunch\TestTokens\846.json
		LocalLaunch\TestTokens\847.json = LocalLaunch\TestTokens\847.json
		LocalLaunch\TestTokens\848.json = LocalLaunch\TestTokens\848.json
		LocalLaunch\TestTokens\849.json = LocalLaunch\TestTokens\849.json
		LocalLaunch\TestTokens\85.json = LocalLaunch\TestTokens\85.json
		LocalLaunch\TestTokens\850.json = LocalLaunch\TestTokens\850.json
		LocalLaunch\TestTokens\851.json = LocalLaunch\TestTokens\851.json
		LocalLaunch\TestTokens\852.json = LocalLaunch\TestTokens\852.json
		LocalLaunch\TestTokens\853.json = LocalLaunch\TestTokens\853.json
		LocalLaunch\TestTokens\854.json = LocalLaunch\TestTokens\854.json
		LocalLaunch\TestTokens\855.json = LocalLaunch\TestTokens\855.json
		LocalLaunch\TestTokens\856.json = LocalLaunch\TestTokens\856.json
		LocalLaunch\TestTokens\857.json = LocalLaunch\TestTokens\857.json
		LocalLaunch\TestTokens\858.json = LocalLaunch\TestTokens\858.json
		LocalLaunch\TestTokens\859.json = LocalLaunch\TestTokens\859.json
		LocalLaunch\TestTokens\86.json = LocalLaunch\TestTokens\86.json
		LocalLaunch\TestTokens\860.json = LocalLaunch\TestTokens\860.json
		LocalLaunch\TestTokens\861.json = LocalLaunch\TestTokens\861.json
		LocalLaunch\TestTokens\862.json = LocalLaunch\TestTokens\862.json
		LocalLaunch\TestTokens\863.json = LocalLaunch\TestTokens\863.json
		LocalLaunch\TestTokens\864.json = LocalLaunch\TestTokens\864.json
		LocalLaunch\TestTokens\865.json = LocalLaunch\TestTokens\865.json
		LocalLaunch\TestTokens\866.json = LocalLaunch\TestTokens\866.json
		LocalLaunch\TestTokens\867.json = LocalLaunch\TestTokens\867.json
		LocalLaunch\TestTokens\868.json = LocalLaunch\TestTokens\868.json
		LocalLaunch\TestTokens\869.json = LocalLaunch\TestTokens\869.json
		LocalLaunch\TestTokens\87.json = LocalLaunch\TestTokens\87.json
		LocalLaunch\TestTokens\870.json = LocalLaunch\TestTokens\870.json
		LocalLaunch\TestTokens\871.json = LocalLaunch\TestTokens\871.json
		LocalLaunch\TestTokens\872.json = LocalLaunch\TestTokens\872.json
		LocalLaunch\TestTokens\873.json = LocalLaunch\TestTokens\873.json
		LocalLaunch\TestTokens\874.json = LocalLaunch\TestTokens\874.json
		LocalLaunch\TestTokens\875.json = LocalLaunch\TestTokens\875.json
		LocalLaunch\TestTokens\876.json = LocalLaunch\TestTokens\876.json
		LocalLaunch\TestTokens\877.json = LocalLaunch\TestTokens\877.json
		LocalLaunch\TestTokens\878.json = LocalLaunch\TestTokens\878.json
		LocalLaunch\TestTokens\879.json = LocalLaunch\TestTokens\879.json
		LocalLaunch\TestTokens\88.json = LocalLaunch\TestTokens\88.json
		LocalLaunch\TestTokens\880.json = LocalLaunch\TestTokens\880.json
		LocalLaunch\TestTokens\881.json = LocalLaunch\TestTokens\881.json
		LocalLaunch\TestTokens\882.json = LocalLaunch\TestTokens\882.json
		LocalLaunch\TestTokens\883.json = LocalLaunch\TestTokens\883.json
		LocalLaunch\TestTokens\884.json = LocalLaunch\TestTokens\884.json
		LocalLaunch\TestTokens\885.json = LocalLaunch\TestTokens\885.json
		LocalLaunch\TestTokens\886.json = LocalLaunch\TestTokens\886.json
		LocalLaunch\TestTokens\887.json = LocalLaunch\TestTokens\887.json
		LocalLaunch\TestTokens\888.json = LocalLaunch\TestTokens\888.json
		LocalLaunch\TestTokens\889.json = LocalLaunch\TestTokens\889.json
		LocalLaunch\TestTokens\89.json = LocalLaunch\TestTokens\89.json
		LocalLaunch\TestTokens\890.json = LocalLaunch\TestTokens\890.json
		LocalLaunch\TestTokens\891.json = LocalLaunch\TestTokens\891.json
		LocalLaunch\TestTokens\892.json = LocalLaunch\TestTokens\892.json
		LocalLaunch\TestTokens\893.json = LocalLaunch\TestTokens\893.json
		LocalLaunch\TestTokens\894.json = LocalLaunch\TestTokens\894.json
		LocalLaunch\TestTokens\895.json = LocalLaunch\TestTokens\895.json
		LocalLaunch\TestTokens\896.json = LocalLaunch\TestTokens\896.json
		LocalLaunch\TestTokens\897.json = LocalLaunch\TestTokens\897.json
		LocalLaunch\TestTokens\898.json = LocalLaunch\TestTokens\898.json
		LocalLaunch\TestTokens\899.json = LocalLaunch\TestTokens\899.json
		LocalLaunch\TestTokens\9.json = LocalLaunch\TestTokens\9.json
		LocalLaunch\TestTokens\90.json = LocalLaunch\TestTokens\90.json
		LocalLaunch\TestTokens\900.json = LocalLaunch\TestTokens\900.json
		LocalLaunch\TestTokens\901.json = LocalLaunch\TestTokens\901.json
		LocalLaunch\TestTokens\902.json = LocalLaunch\TestTokens\902.json
		LocalLaunch\TestTokens\903.json = LocalLaunch\TestTokens\903.json
		LocalLaunch\TestTokens\904.json = LocalLaunch\TestTokens\904.json
		LocalLaunch\TestTokens\905.json = LocalLaunch\TestTokens\905.json
		LocalLaunch\TestTokens\906.json = LocalLaunch\TestTokens\906.json
		LocalLaunch\TestTokens\907.json = LocalLaunch\TestTokens\907.json
		LocalLaunch\TestTokens\908.json = LocalLaunch\TestTokens\908.json
		LocalLaunch\TestTokens\909.json = LocalLaunch\TestTokens\909.json
		LocalLaunch\TestTokens\91.json = LocalLaunch\TestTokens\91.json
		LocalLaunch\TestTokens\910.json = LocalLaunch\TestTokens\910.json
		LocalLaunch\TestTokens\911.json = LocalLaunch\TestTokens\911.json
		LocalLaunch\TestTokens\912.json = LocalLaunch\TestTokens\912.json
		LocalLaunch\TestTokens\913.json = LocalLaunch\TestTokens\913.json
		LocalLaunch\TestTokens\914.json = LocalLaunch\TestTokens\914.json
		LocalLaunch\TestTokens\915.json = LocalLaunch\TestTokens\915.json
		LocalLaunch\TestTokens\916.json = LocalLaunch\TestTokens\916.json
		LocalLaunch\TestTokens\917.json = LocalLaunch\TestTokens\917.json
		LocalLaunch\TestTokens\918.json = LocalLaunch\TestTokens\918.json
		LocalLaunch\TestTokens\919.json = LocalLaunch\TestTokens\919.json
		LocalLaunch\TestTokens\92.json = LocalLaunch\TestTokens\92.json
		LocalLaunch\TestTokens\920.json = LocalLaunch\TestTokens\920.json
		LocalLaunch\TestTokens\921.json = LocalLaunch\TestTokens\921.json
		LocalLaunch\TestTokens\922.json = LocalLaunch\TestTokens\922.json
		LocalLaunch\TestTokens\923.json = LocalLaunch\TestTokens\923.json
		LocalLaunch\TestTokens\924.json = LocalLaunch\TestTokens\924.json
		LocalLaunch\TestTokens\925.json = LocalLaunch\TestTokens\925.json
		LocalLaunch\TestTokens\926.json = LocalLaunch\TestTokens\926.json
		LocalLaunch\TestTokens\927.json = LocalLaunch\TestTokens\927.json
		LocalLaunch\TestTokens\928.json = LocalLaunch\TestTokens\928.json
		LocalLaunch\TestTokens\929.json = LocalLaunch\TestTokens\929.json
		LocalLaunch\TestTokens\93.json = LocalLaunch\TestTokens\93.json
		LocalLaunch\TestTokens\930.json = LocalLaunch\TestTokens\930.json
		LocalLaunch\TestTokens\931.json = LocalLaunch\TestTokens\931.json
		LocalLaunch\TestTokens\932.json = LocalLaunch\TestTokens\932.json
		LocalLaunch\TestTokens\933.json = LocalLaunch\TestTokens\933.json
		LocalLaunch\TestTokens\934.json = LocalLaunch\TestTokens\934.json
		LocalLaunch\TestTokens\935.json = LocalLaunch\TestTokens\935.json
		LocalLaunch\TestTokens\936.json = LocalLaunch\TestTokens\936.json
		LocalLaunch\TestTokens\937.json = LocalLaunch\TestTokens\937.json
		LocalLaunch\TestTokens\938.json = LocalLaunch\TestTokens\938.json
		LocalLaunch\TestTokens\939.json = LocalLaunch\TestTokens\939.json
		LocalLaunch\TestTokens\94.json = LocalLaunch\TestTokens\94.json
		LocalLaunch\TestTokens\940.json = LocalLaunch\TestTokens\940.json
		LocalLaunch\TestTokens\941.json = LocalLaunch\TestTokens\941.json
		LocalLaunch\TestTokens\942.json = LocalLaunch\TestTokens\942.json
		LocalLaunch\TestTokens\943.json = LocalLaunch\TestTokens\943.json
		LocalLaunch\TestTokens\944.json = LocalLaunch\TestTokens\944.json
		LocalLaunch\TestTokens\945.json = LocalLaunch\TestTokens\945.json
		LocalLaunch\TestTokens\946.json = LocalLaunch\TestTokens\946.json
		LocalLaunch\TestTokens\947.json = LocalLaunch\TestTokens\947.json
		LocalLaunch\TestTokens\948.json = LocalLaunch\TestTokens\948.json
		LocalLaunch\TestTokens\949.json = LocalLaunch\TestTokens\949.json
		LocalLaunch\TestTokens\95.json = LocalLaunch\TestTokens\95.json
		LocalLaunch\TestTokens\950.json = LocalLaunch\TestTokens\950.json
		LocalLaunch\TestTokens\951.json = LocalLaunch\TestTokens\951.json
		LocalLaunch\TestTokens\952.json = LocalLaunch\TestTokens\952.json
		LocalLaunch\TestTokens\953.json = LocalLaunch\TestTokens\953.json
		LocalLaunch\TestTokens\954.json = LocalLaunch\TestTokens\954.json
		LocalLaunch\TestTokens\955.json = LocalLaunch\TestTokens\955.json
		LocalLaunch\TestTokens\956.json = LocalLaunch\TestTokens\956.json
		LocalLaunch\TestTokens\957.json = LocalLaunch\TestTokens\957.json
		LocalLaunch\TestTokens\958.json = LocalLaunch\TestTokens\958.json
		LocalLaunch\TestTokens\959.json = LocalLaunch\TestTokens\959.json
		LocalLaunch\TestTokens\96.json = LocalLaunch\TestTokens\96.json
		LocalLaunch\TestTokens\960.json = LocalLaunch\TestTokens\960.json
		LocalLaunch\TestTokens\961.json = LocalLaunch\TestTokens\961.json
		LocalLaunch\TestTokens\962.json = LocalLaunch\TestTokens\962.json
		LocalLaunch\TestTokens\963.json = LocalLaunch\TestTokens\963.json
		LocalLaunch\TestTokens\964.json = LocalLaunch\TestTokens\964.json
		LocalLaunch\TestTokens\965.json = LocalLaunch\TestTokens\965.json
		LocalLaunch\TestTokens\966.json = LocalLaunch\TestTokens\966.json
		LocalLaunch\TestTokens\967.json = LocalLaunch\TestTokens\967.json
		LocalLaunch\TestTokens\968.json = LocalLaunch\TestTokens\968.json
		LocalLaunch\TestTokens\969.json = LocalLaunch\TestTokens\969.json
		LocalLaunch\TestTokens\97.json = LocalLaunch\TestTokens\97.json
		LocalLaunch\TestTokens\970.json = LocalLaunch\TestTokens\970.json
		LocalLaunch\TestTokens\971.json = LocalLaunch\TestTokens\971.json
		LocalLaunch\TestTokens\972.json = LocalLaunch\TestTokens\972.json
		LocalLaunch\TestTokens\973.json = LocalLaunch\TestTokens\973.json
		LocalLaunch\TestTokens\974.json = LocalLaunch\TestTokens\974.json
		LocalLaunch\TestTokens\975.json = LocalLaunch\TestTokens\975.json
		LocalLaunch\TestTokens\976.json = LocalLaunch\TestTokens\976.json
		LocalLaunch\TestTokens\977.json = LocalLaunch\TestTokens\977.json
		LocalLaunch\TestTokens\978.json = LocalLaunch\TestTokens\978.json
		LocalLaunch\TestTokens\979.json = LocalLaunch\TestTokens\979.json
		LocalLaunch\TestTokens\98.json = LocalLaunch\TestTokens\98.json
		LocalLaunch\TestTokens\980.json = LocalLaunch\TestTokens\980.json
		LocalLaunch\TestTokens\981.json = LocalLaunch\TestTokens\981.json
		LocalLaunch\TestTokens\982.json = LocalLaunch\TestTokens\982.json
		LocalLaunch\TestTokens\983.json = LocalLaunch\TestTokens\983.json
		LocalLaunch\TestTokens\984.json = LocalLaunch\TestTokens\984.json
		LocalLaunch\TestTokens\985.json = LocalLaunch\TestTokens\985.json
		LocalLaunch\TestTokens\986.json = LocalLaunch\TestTokens\986.json
		LocalLaunch\TestTokens\987.json = LocalLaunch\TestTokens\987.json
		LocalLaunch\TestTokens\988.json = LocalLaunch\TestTokens\988.json
		LocalLaunch\TestTokens\989.json = LocalLaunch\TestTokens\989.json
		LocalLaunch\TestTokens\99.json = LocalLaunch\TestTokens\99.json
		LocalLaunch\TestTokens\990.json = LocalLaunch\TestTokens\990.json
		LocalLaunch\TestTokens\991.json = LocalLaunch\TestTokens\991.json
		LocalLaunch\TestTokens\992.json = LocalLaunch\TestTokens\992.json
		LocalLaunch\TestTokens\993.json = LocalLaunch\TestTokens\993.json
		LocalLaunch\TestTokens\994.json = LocalLaunch\TestTokens\994.json
		LocalLaunch\TestTokens\995.json = LocalLaunch\TestTokens\995.json
		LocalLaunch\TestTokens\996.json = LocalLaunch\TestTokens\996.json
		LocalLaunch\TestTokens\997.json = LocalLaunch\TestTokens\997.json
		LocalLaunch\TestTokens\998.json = LocalLaunch\TestTokens\998.json
		LocalLaunch\TestTokens\999.json = LocalLaunch\TestTokens\999.json
	EndProjectSection
EndProject
Global
	GlobalSection(SolutionConfigurationPlatforms) = preSolution
		Debug|Any CPU = Debug|Any CPU
		Release|Any CPU = Release|Any CPU
	EndGlobalSection
	GlobalSection(ProjectConfigurationPlatforms) = postSolution
		{9A0FF26F-F190-484C-8CCC-E4930B5D1493}.Debug|Any CPU.ActiveCfg = Debug|Any CPU
		{9A0FF26F-F190-484C-8CCC-E4930B5D1493}.Debug|Any CPU.Build.0 = Debug|Any CPU
		{9A0FF26F-F190-484C-8CCC-E4930B5D1493}.Release|Any CPU.ActiveCfg = Release|Any CPU
		{9A0FF26F-F190-484C-8CCC-E4930B5D1493}.Release|Any CPU.Build.0 = Release|Any CPU
		{430F362C-77F2-4C0F-A004-C69F429BAFC3}.Debug|Any CPU.ActiveCfg = Debug|Any CPU
		{430F362C-77F2-4C0F-A004-C69F429BAFC3}.Debug|Any CPU.Build.0 = Debug|Any CPU
		{430F362C-77F2-4C0F-A004-C69F429BAFC3}.Release|Any CPU.ActiveCfg = Release|Any CPU
		{430F362C-77F2-4C0F-A004-C69F429BAFC3}.Release|Any CPU.Build.0 = Release|Any CPU
		{7D3BD853-3A32-4CDE-8095-D5F3D966B3DA}.Debug|Any CPU.ActiveCfg = Debug|Any CPU
		{7D3BD853-3A32-4CDE-8095-D5F3D966B3DA}.Debug|Any CPU.Build.0 = Debug|Any CPU
		{7D3BD853-3A32-4CDE-8095-D5F3D966B3DA}.Release|Any CPU.ActiveCfg = Release|Any CPU
		{7D3BD853-3A32-4CDE-8095-D5F3D966B3DA}.Release|Any CPU.Build.0 = Release|Any CPU
		{31257BCA-1454-406C-8D80-E3E478529A43}.Debug|Any CPU.ActiveCfg = Debug|Any CPU
		{31257BCA-1454-406C-8D80-E3E478529A43}.Debug|Any CPU.Build.0 = Debug|Any CPU
		{31257BCA-1454-406C-8D80-E3E478529A43}.Release|Any CPU.ActiveCfg = Release|Any CPU
		{31257BCA-1454-406C-8D80-E3E478529A43}.Release|Any CPU.Build.0 = Release|Any CPU
		{F96B18E8-BFB2-4CB7-919D-A73371F152F2}.Debug|Any CPU.ActiveCfg = Debug|Any CPU
		{F96B18E8-BFB2-4CB7-919D-A73371F152F2}.Debug|Any CPU.Build.0 = Debug|Any CPU
		{F96B18E8-BFB2-4CB7-919D-A73371F152F2}.Release|Any CPU.ActiveCfg = Release|Any CPU
		{F96B18E8-BFB2-4CB7-919D-A73371F152F2}.Release|Any CPU.Build.0 = Release|Any CPU
	EndGlobalSection
	GlobalSection(SolutionProperties) = preSolution
		HideSolutionNode = FALSE
	EndGlobalSection
	GlobalSection(NestedProjects) = preSolution
		{430F362C-77F2-4C0F-A004-C69F429BAFC3} = {8BFCFDF5-27A1-4353-9A87-FB6EED70A289}
		{7D3BD853-3A32-4CDE-8095-D5F3D966B3DA} = {A19D390D-550C-4EAE-BDB9-C14957BBEF00}
		{31257BCA-1454-406C-8D80-E3E478529A43} = {8BA43FF0-A735-4EDC-B77C-5406539D7C27}
		{F96B18E8-BFB2-4CB7-919D-A73371F152F2} = {2DC3D5D5-D4EF-4699-950F-2FD2420A5982}
		{EAD794A3-5D2E-45E3-BF9D-70B256B27DE2} = {017A8EFF-6ADB-460D-B2AE-806AB08EF345}
	EndGlobalSection
	GlobalSection(ExtensibilityGlobals) = postSolution
		SolutionGuid = {B6F2A574-4234-4890-A952-8512F915BDD6}
	EndGlobalSection
EndGlobal
